
Microsoft Visual Studio Solution File, Format Version 12.00
# Visual Studio Version 17
VisualStudioVersion = 17.6.33723.286
MinimumVisualStudioVersion = 10.0.40219.1
Project("{2150E333-8FDC-42A3-9474-1A3956D46DE8}") = "Internal", "Internal", "{11F88109-A5FE-42C4-8069-85DCB8D9807B}"
EndProject
Project("{2150E333-8FDC-42A3-9474-1A3956D46DE8}") = "Scripts", "Scripts", "{B2F144E9-A94B-4240-BCB4-5FDB70DE3BB4}"
EndProject
Project("{2150E333-8FDC-42A3-9474-1A3956D46DE8}") = "Dlls", "Dlls", "{1CF27397-EF11-4EF6-8A4E-C87C776943A7}"
	ProjectSection(SolutionItems) = preProject
		Dlls\AboutThisFolder.md = Dlls\AboutThisFolder.md
	EndProjectSection
EndProject
Project("{2150E333-8FDC-42A3-9474-1A3956D46DE8}") = "CompanionFiles", "CompanionFiles", "{CCA69851-9792-4166-961A-399A7F2A4812}"
EndProject
Project("{2150E333-8FDC-42A3-9474-1A3956D46DE8}") = "Skyline DataMiner", "Skyline DataMiner", "{9E4A8BBE-7D40-4C5E-B9F4-DCD94B5D2B3E}"
	ProjectSection(SolutionItems) = preProject
		CompanionFiles\Skyline DataMiner\AboutThisFolder.md = CompanionFiles\Skyline DataMiner\AboutThisFolder.md
	EndProjectSection
EndProject
Project("{2150E333-8FDC-42A3-9474-1A3956D46DE8}") = "Documentation", "Documentation", "{29A290CA-1273-4512-B295-6B682A6139FD}"
	ProjectSection(SolutionItems) = preProject
		Documentation\AboutThisFolder.md = Documentation\AboutThisFolder.md
		README.md = README.md
	EndProjectSection
EndProject
Project("{2150E333-8FDC-42A3-9474-1A3956D46DE8}") = "Code Analysis", "Code Analysis", "{58BC881B-D87C-4C0C-BD69-BFA38521638A}"
	ProjectSection(SolutionItems) = preProject
		Internal\Code Analysis\qaction-debug.ruleset = Internal\Code Analysis\qaction-debug.ruleset
		Internal\Code Analysis\qaction-release.ruleset = Internal\Code Analysis\qaction-release.ruleset
	EndProjectSection
EndProject
Project("{2150E333-8FDC-42A3-9474-1A3956D46DE8}") = "akmal_test", "akmal_test", "{9642A882-0820-4D1D-8863-B8F086D9A6E1}"
	ProjectSection(SolutionItems) = preProject
		akmal_test.xml = akmal_test.xml
	EndProjectSection
EndProject
Project("{2150E333-8FDC-42A3-9474-1A3956D46DE8}") = "Actions", "Actions", "{892038D5-9B56-457B-92E9-49954F4BE5B3}"
EndProject
Project("{FAE04EC0-301F-11D3-BF4B-00C04F79EFBC}") = "akmal_test_1", "akmal_test_1\akmal_test_1.csproj", "{7345D547-356F-4FFB-8934-06014B579116}"
EndProject
Global
	GlobalSection(SolutionConfigurationPlatforms) = preSolution
		Debug|Any CPU = Debug|Any CPU
		Release|Any CPU = Release|Any CPU
	EndGlobalSection
	GlobalSection(ProjectConfigurationPlatforms) = postSolution
		{7345D547-356F-4FFB-8934-06014B579116}.Debug|Any CPU.ActiveCfg = Debug|Any CPU
		{7345D547-356F-4FFB-8934-06014B579116}.Debug|Any CPU.Build.0 = Debug|Any CPU
		{7345D547-356F-4FFB-8934-06014B579116}.Release|Any CPU.ActiveCfg = Release|Any CPU
		{7345D547-356F-4FFB-8934-06014B579116}.Release|Any CPU.Build.0 = Release|Any CPU
	EndGlobalSection
	GlobalSection(SolutionProperties) = preSolution
		HideSolutionNode = FALSE
	EndGlobalSection
	GlobalSection(NestedProjects) = preSolution
		{9E4A8BBE-7D40-4C5E-B9F4-DCD94B5D2B3E} = {CCA69851-9792-4166-961A-399A7F2A4812}
		{58BC881B-D87C-4C0C-BD69-BFA38521638A} = {11F88109-A5FE-42C4-8069-85DCB8D9807B}
		{9642A882-0820-4D1D-8863-B8F086D9A6E1} = {B2F144E9-A94B-4240-BCB4-5FDB70DE3BB4}
		{892038D5-9B56-457B-92E9-49954F4BE5B3} = {9642A882-0820-4D1D-8863-B8F086D9A6E1}
		{7345D547-356F-4FFB-8934-06014B579116} = {892038D5-9B56-457B-92E9-49954F4BE5B3}
	EndGlobalSection
	GlobalSection(ExtensibilityGlobals) = postSolution
		SolutionGuid = {8957B500-2CBE-45A9-87CD-10EE0C392087}
	EndGlobalSection
EndGlobal
